// !$*UTF8*$!
{
	archiveVersion = 1;
	classes = {
	};
	objectVersion = 46;
	objects = {

/* Begin PBXBuildFile section */
		ADFD049E1AF71AAB0097D9AE /* main.m in Sources */ = {isa = PBXBuildFile; fileRef = ADFD049D1AF71AAB0097D9AE /* main.m */; };
		ADFD04A11AF71AAB0097D9AE /* AppDelegate.m in Sources */ = {isa = PBXBuildFile; fileRef = ADFD04A01AF71AAB0097D9AE /* AppDelegate.m */; };
		ADFD04A41AF71AAB0097D9AE /* ViewController.m in Sources */ = {isa = PBXBuildFile; fileRef = ADFD04A31AF71AAB0097D9AE /* ViewController.m */; };
		ADFD04A71AF71AAB0097D9AE /* Main.storyboard in Resources */ = {isa = PBXBuildFile; fileRef = ADFD04A51AF71AAB0097D9AE /* Main.storyboard */; };
		ADFD04A91AF71AAB0097D9AE /* Images.xcassets in Resources */ = {isa = PBXBuildFile; fileRef = ADFD04A81AF71AAB0097D9AE /* Images.xcassets */; };
		ADFD04AC1AF71AAB0097D9AE /* LaunchScreen.xib in Resources */ = {isa = PBXBuildFile; fileRef = ADFD04AA1AF71AAB0097D9AE /* LaunchScreen.xib */; };
		ADFD04B81AF71AAB0097D9AE /* ZNRestAPITests.m in Sources */ = {isa = PBXBuildFile; fileRef = ADFD04B71AF71AAB0097D9AE /* ZNRestAPITests.m */; };
		ADFD04F51AF75C000097D9AE /* AFHTTPRequestOperation.m in Sources */ = {isa = PBXBuildFile; fileRef = ADFD04E31AF75C000097D9AE /* AFHTTPRequestOperation.m */; };
		ADFD04F61AF75C000097D9AE /* AFHTTPRequestOperationManager.m in Sources */ = {isa = PBXBuildFile; fileRef = ADFD04E51AF75C000097D9AE /* AFHTTPRequestOperationManager.m */; };
		ADFD04F71AF75C000097D9AE /* AFHTTPSessionManager.m in Sources */ = {isa = PBXBuildFile; fileRef = ADFD04E71AF75C000097D9AE /* AFHTTPSessionManager.m */; };
		ADFD04F81AF75C000097D9AE /* AFNetworkReachabilityManager.m in Sources */ = {isa = PBXBuildFile; fileRef = ADFD04EA1AF75C000097D9AE /* AFNetworkReachabilityManager.m */; };
		ADFD04F91AF75C000097D9AE /* AFSecurityPolicy.m in Sources */ = {isa = PBXBuildFile; fileRef = ADFD04EC1AF75C000097D9AE /* AFSecurityPolicy.m */; };
		ADFD04FA1AF75C000097D9AE /* AFURLConnectionOperation.m in Sources */ = {isa = PBXBuildFile; fileRef = ADFD04EE1AF75C000097D9AE /* AFURLConnectionOperation.m */; };
		ADFD04FB1AF75C000097D9AE /* AFURLRequestSerialization.m in Sources */ = {isa = PBXBuildFile; fileRef = ADFD04F01AF75C000097D9AE /* AFURLRequestSerialization.m */; };
		ADFD04FC1AF75C000097D9AE /* AFURLResponseSerialization.m in Sources */ = {isa = PBXBuildFile; fileRef = ADFD04F21AF75C000097D9AE /* AFURLResponseSerialization.m */; };
		ADFD04FD1AF75C000097D9AE /* AFURLSessionManager.m in Sources */ = {isa = PBXBuildFile; fileRef = ADFD04F41AF75C000097D9AE /* AFURLSessionManager.m */; };
		ADFD05001AF75C1B0097D9AE /* ZNRestAPI.m in Sources */ = {isa = PBXBuildFile; fileRef = ADFD04FF1AF75C1B0097D9AE /* ZNRestAPI.m */; };
/* End PBXBuildFile section */

/* Begin PBXContainerItemProxy section */
		ADFD04B21AF71AAB0097D9AE /* PBXContainerItemProxy */ = {
			isa = PBXContainerItemProxy;
			containerPortal = ADFD04901AF71AAB0097D9AE /* Project object */;
			proxyType = 1;
			remoteGlobalIDString = ADFD04971AF71AAB0097D9AE;
			remoteInfo = ZNRestAPI;
		};
/* End PBXContainerItemProxy section */

/* Begin PBXFileReference section */
		ADFD04981AF71AAB0097D9AE /* ZNRestAPI.app */ = {isa = PBXFileReference; explicitFileType = wrapper.application; includeInIndex = 0; path = ZNRestAPI.app; sourceTree = BUILT_PRODUCTS_DIR; };
		ADFD049C1AF71AAB0097D9AE /* Info.plist */ = {isa = PBXFileReference; lastKnownFileType = text.plist.xml; path = Info.plist; sourceTree = "<group>"; };
		ADFD049D1AF71AAB0097D9AE /* main.m */ = {isa = PBXFileReference; lastKnownFileType = sourcecode.c.objc; path = main.m; sourceTree = "<group>"; };
		ADFD049F1AF71AAB0097D9AE /* AppDelegate.h */ = {isa = PBXFileReference; lastKnownFileType = sourcecode.c.h; path = AppDelegate.h; sourceTree = "<group>"; };
		ADFD04A01AF71AAB0097D9AE /* AppDelegate.m */ = {isa = PBXFileReference; lastKnownFileType = sourcecode.c.objc; path = AppDelegate.m; sourceTree = "<group>"; };
		ADFD04A21AF71AAB0097D9AE /* ViewController.h */ = {isa = PBXFileReference; lastKnownFileType = sourcecode.c.h; path = ViewController.h; sourceTree = "<group>"; };
		ADFD04A31AF71AAB0097D9AE /* ViewController.m */ = {isa = PBXFileReference; lastKnownFileType = sourcecode.c.objc; path = ViewController.m; sourceTree = "<group>"; };
		ADFD04A61AF71AAB0097D9AE /* Base */ = {isa = PBXFileReference; lastKnownFileType = file.storyboard; name = Base; path = Base.lproj/Main.storyboard; sourceTree = "<group>"; };
		ADFD04A81AF71AAB0097D9AE /* Images.xcassets */ = {isa = PBXFileReference; lastKnownFileType = folder.assetcatalog; path = Images.xcassets; sourceTree = "<group>"; };
		ADFD04AB1AF71AAB0097D9AE /* Base */ = {isa = PBXFileReference; lastKnownFileType = file.xib; name = Base; path = Base.lproj/LaunchScreen.xib; sourceTree = "<group>"; };
		ADFD04B11AF71AAB0097D9AE /* ZNRestAPITests.xctest */ = {isa = PBXFileReference; explicitFileType = wrapper.cfbundle; includeInIndex = 0; path = ZNRestAPITests.xctest; sourceTree = BUILT_PRODUCTS_DIR; };
		ADFD04B61AF71AAB0097D9AE /* Info.plist */ = {isa = PBXFileReference; lastKnownFileType = text.plist.xml; path = Info.plist; sourceTree = "<group>"; };
		ADFD04B71AF71AAB0097D9AE /* ZNRestAPITests.m */ = {isa = PBXFileReference; lastKnownFileType = sourcecode.c.objc; path = ZNRestAPITests.m; sourceTree = "<group>"; };
		ADFD04E21AF75C000097D9AE /* AFHTTPRequestOperation.h */ = {isa = PBXFileReference; fileEncoding = 4; lastKnownFileType = sourcecode.c.h; path = AFHTTPRequestOperation.h; sourceTree = "<group>"; };
		ADFD04E31AF75C000097D9AE /* AFHTTPRequestOperation.m */ = {isa = PBXFileReference; fileEncoding = 4; lastKnownFileType = sourcecode.c.objc; path = AFHTTPRequestOperation.m; sourceTree = "<group>"; };
		ADFD04E41AF75C000097D9AE /* AFHTTPRequestOperationManager.h */ = {isa = PBXFileReference; fileEncoding = 4; lastKnownFileType = sourcecode.c.h; path = AFHTTPRequestOperationManager.h; sourceTree = "<group>"; };
		ADFD04E51AF75C000097D9AE /* AFHTTPRequestOperationManager.m */ = {isa = PBXFileReference; fileEncoding = 4; lastKnownFileType = sourcecode.c.objc; path = AFHTTPRequestOperationManager.m; sourceTree = "<group>"; };
		ADFD04E61AF75C000097D9AE /* AFHTTPSessionManager.h */ = {isa = PBXFileReference; fileEncoding = 4; lastKnownFileType = sourcecode.c.h; path = AFHTTPSessionManager.h; sourceTree = "<group>"; };
		ADFD04E71AF75C000097D9AE /* AFHTTPSessionManager.m */ = {isa = PBXFileReference; fileEncoding = 4; lastKnownFileType = sourcecode.c.objc; path = AFHTTPSessionManager.m; sourceTree = "<group>"; };
		ADFD04E81AF75C000097D9AE /* AFNetworking.h */ = {isa = PBXFileReference; fileEncoding = 4; lastKnownFileType = sourcecode.c.h; path = AFNetworking.h; sourceTree = "<group>"; };
		ADFD04E91AF75C000097D9AE /* AFNetworkReachabilityManager.h */ = {isa = PBXFileReference; fileEncoding = 4; lastKnownFileType = sourcecode.c.h; path = AFNetworkReachabilityManager.h; sourceTree = "<group>"; };
		ADFD04EA1AF75C000097D9AE /* AFNetworkReachabilityManager.m */ = {isa = PBXFileReference; fileEncoding = 4; lastKnownFileType = sourcecode.c.objc; path = AFNetworkReachabilityManager.m; sourceTree = "<group>"; };
		ADFD04EB1AF75C000097D9AE /* AFSecurityPolicy.h */ = {isa = PBXFileReference; fileEncoding = 4; lastKnownFileType = sourcecode.c.h; path = AFSecurityPolicy.h; sourceTree = "<group>"; };
		ADFD04EC1AF75C000097D9AE /* AFSecurityPolicy.m */ = {isa = PBXFileReference; fileEncoding = 4; lastKnownFileType = sourcecode.c.objc; path = AFSecurityPolicy.m; sourceTree = "<group>"; };
		ADFD04ED1AF75C000097D9AE /* AFURLConnectionOperation.h */ = {isa = PBXFileReference; fileEncoding = 4; lastKnownFileType = sourcecode.c.h; path = AFURLConnectionOperation.h; sourceTree = "<group>"; };
		ADFD04EE1AF75C000097D9AE /* AFURLConnectionOperation.m */ = {isa = PBXFileReference; fileEncoding = 4; lastKnownFileType = sourcecode.c.objc; path = AFURLConnectionOperation.m; sourceTree = "<group>"; };
		ADFD04EF1AF75C000097D9AE /* AFURLRequestSerialization.h */ = {isa = PBXFileReference; fileEncoding = 4; lastKnownFileType = sourcecode.c.h; path = AFURLRequestSerialization.h; sourceTree = "<group>"; };
		ADFD04F01AF75C000097D9AE /* AFURLRequestSerialization.m */ = {isa = PBXFileReference; fileEncoding = 4; lastKnownFileType = sourcecode.c.objc; path = AFURLRequestSerialization.m; sourceTree = "<group>"; };
		ADFD04F11AF75C000097D9AE /* AFURLResponseSerialization.h */ = {isa = PBXFileReference; fileEncoding = 4; lastKnownFileType = sourcecode.c.h; path = AFURLResponseSerialization.h; sourceTree = "<group>"; };
		ADFD04F21AF75C000097D9AE /* AFURLResponseSerialization.m */ = {isa = PBXFileReference; fileEncoding = 4; lastKnownFileType = sourcecode.c.objc; path = AFURLResponseSerialization.m; sourceTree = "<group>"; };
		ADFD04F31AF75C000097D9AE /* AFURLSessionManager.h */ = {isa = PBXFileReference; fileEncoding = 4; lastKnownFileType = sourcecode.c.h; path = AFURLSessionManager.h; sourceTree = "<group>"; };
		ADFD04F41AF75C000097D9AE /* AFURLSessionManager.m */ = {isa = PBXFileReference; fileEncoding = 4; lastKnownFileType = sourcecode.c.objc; path = AFURLSessionManager.m; sourceTree = "<group>"; };
		ADFD04FE1AF75C1B0097D9AE /* ZNRestAPI.h */ = {isa = PBXFileReference; fileEncoding = 4; lastKnownFileType = sourcecode.c.h; path = ZNRestAPI.h; sourceTree = "<group>"; };
		ADFD04FF1AF75C1B0097D9AE /* ZNRestAPI.m */ = {isa = PBXFileReference; fileEncoding = 4; lastKnownFileType = sourcecode.c.objc; path = ZNRestAPI.m; sourceTree = "<group>"; };
/* End PBXFileReference section */

/* Begin PBXFrameworksBuildPhase section */
		ADFD04951AF71AAB0097D9AE /* Frameworks */ = {
			isa = PBXFrameworksBuildPhase;
			buildActionMask = 2147483647;
			files = (
			);
			runOnlyForDeploymentPostprocessing = 0;
		};
		ADFD04AE1AF71AAB0097D9AE /* Frameworks */ = {
			isa = PBXFrameworksBuildPhase;
			buildActionMask = 2147483647;
			files = (
			);
			runOnlyForDeploymentPostprocessing = 0;
		};
/* End PBXFrameworksBuildPhase section */

/* Begin PBXGroup section */
		ADFD048F1AF71AAB0097D9AE = {
			isa = PBXGroup;
			children = (
				ADFD049A1AF71AAB0097D9AE /* ZNRestAPI */,
				ADFD04B41AF71AAB0097D9AE /* ZNRestAPITests */,
				ADFD04991AF71AAB0097D9AE /* Products */,
			);
			sourceTree = "<group>";
		};
		ADFD04991AF71AAB0097D9AE /* Products */ = {
			isa = PBXGroup;
			children = (
				ADFD04981AF71AAB0097D9AE /* ZNRestAPI.app */,
				ADFD04B11AF71AAB0097D9AE /* ZNRestAPITests.xctest */,
			);
			name = Products;
			sourceTree = "<group>";
		};
		ADFD049A1AF71AAB0097D9AE /* ZNRestAPI */ = {
			isa = PBXGroup;
			children = (
				ADFD04C21AF720730097D9AE /* AFNetworking */,
				ADFD04C11AF71FF20097D9AE /* ZNRestAPI */,
				ADFD049F1AF71AAB0097D9AE /* AppDelegate.h */,
				ADFD04A01AF71AAB0097D9AE /* AppDelegate.m */,
				ADFD04A21AF71AAB0097D9AE /* ViewController.h */,
				ADFD04A31AF71AAB0097D9AE /* ViewController.m */,
				ADFD04A51AF71AAB0097D9AE /* Main.storyboard */,
				ADFD04A81AF71AAB0097D9AE /* Images.xcassets */,
				ADFD04AA1AF71AAB0097D9AE /* LaunchScreen.xib */,
				ADFD049B1AF71AAB0097D9AE /* Supporting Files */,
			);
			path = ZNRestAPI;
			sourceTree = "<group>";
		};
		ADFD049B1AF71AAB0097D9AE /* Supporting Files */ = {
			isa = PBXGroup;
			children = (
				ADFD049C1AF71AAB0097D9AE /* Info.plist */,
				ADFD049D1AF71AAB0097D9AE /* main.m */,
			);
			name = "Supporting Files";
			sourceTree = "<group>";
		};
		ADFD04B41AF71AAB0097D9AE /* ZNRestAPITests */ = {
			isa = PBXGroup;
			children = (
				ADFD04B71AF71AAB0097D9AE /* ZNRestAPITests.m */,
				ADFD04B51AF71AAB0097D9AE /* Supporting Files */,
			);
			path = ZNRestAPITests;
			sourceTree = "<group>";
		};
		ADFD04B51AF71AAB0097D9AE /* Supporting Files */ = {
			isa = PBXGroup;
			children = (
				ADFD04B61AF71AAB0097D9AE /* Info.plist */,
			);
			name = "Supporting Files";
			sourceTree = "<group>";
		};
		ADFD04C11AF71FF20097D9AE /* ZNRestAPI */ = {
			isa = PBXGroup;
			children = (
				ADFD04FE1AF75C1B0097D9AE /* ZNRestAPI.h */,
				ADFD04FF1AF75C1B0097D9AE /* ZNRestAPI.m */,
			);
			path = ZNRestAPI;
			sourceTree = "<group>";
		};
		ADFD04C21AF720730097D9AE /* AFNetworking */ = {
			isa = PBXGroup;
			children = (
				ADFD04E21AF75C000097D9AE /* AFHTTPRequestOperation.h */,
				ADFD04E31AF75C000097D9AE /* AFHTTPRequestOperation.m */,
				ADFD04E41AF75C000097D9AE /* AFHTTPRequestOperationManager.h */,
				ADFD04E51AF75C000097D9AE /* AFHTTPRequestOperationManager.m */,
				ADFD04E61AF75C000097D9AE /* AFHTTPSessionManager.h */,
				ADFD04E71AF75C000097D9AE /* AFHTTPSessionManager.m */,
				ADFD04E81AF75C000097D9AE /* AFNetworking.h */,
				ADFD04E91AF75C000097D9AE /* AFNetworkReachabilityManager.h */,
				ADFD04EA1AF75C000097D9AE /* AFNetworkReachabilityManager.m */,
				ADFD04EB1AF75C000097D9AE /* AFSecurityPolicy.h */,
				ADFD04EC1AF75C000097D9AE /* AFSecurityPolicy.m */,
				ADFD04ED1AF75C000097D9AE /* AFURLConnectionOperation.h */,
				ADFD04EE1AF75C000097D9AE /* AFURLConnectionOperation.m */,
				ADFD04EF1AF75C000097D9AE /* AFURLRequestSerialization.h */,
				ADFD04F01AF75C000097D9AE /* AFURLRequestSerialization.m */,
				ADFD04F11AF75C000097D9AE /* AFURLResponseSerialization.h */,
				ADFD04F21AF75C000097D9AE /* AFURLResponseSerialization.m */,
				ADFD04F31AF75C000097D9AE /* AFURLSessionManager.h */,
				ADFD04F41AF75C000097D9AE /* AFURLSessionManager.m */,
			);
			path = AFNetworking;
			sourceTree = "<group>";
		};
/* End PBXGroup section */

/* Begin PBXNativeTarget section */
		ADFD04971AF71AAB0097D9AE /* ZNRestAPI */ = {
			isa = PBXNativeTarget;
			buildConfigurationList = ADFD04BB1AF71AAB0097D9AE /* Build configuration list for PBXNativeTarget "ZNRestAPI" */;
			buildPhases = (
				ADFD04941AF71AAB0097D9AE /* Sources */,
				ADFD04951AF71AAB0097D9AE /* Frameworks */,
				ADFD04961AF71AAB0097D9AE /* Resources */,
			);
			buildRules = (
			);
			dependencies = (
			);
			name = ZNRestAPI;
			productName = ZNRestAPI;
			productReference = ADFD04981AF71AAB0097D9AE /* ZNRestAPI.app */;
			productType = "com.apple.product-type.application";
		};
		ADFD04B01AF71AAB0097D9AE /* ZNRestAPITests */ = {
			isa = PBXNativeTarget;
			buildConfigurationList = ADFD04BE1AF71AAB0097D9AE /* Build configuration list for PBXNativeTarget "ZNRestAPITests" */;
			buildPhases = (
				ADFD04AD1AF71AAB0097D9AE /* Sources */,
				ADFD04AE1AF71AAB0097D9AE /* Frameworks */,
				ADFD04AF1AF71AAB0097D9AE /* Resources */,
			);
			buildRules = (
			);
			dependencies = (
				ADFD04B31AF71AAB0097D9AE /* PBXTargetDependency */,
			);
			name = ZNRestAPITests;
			productName = ZNRestAPITests;
			productReference = ADFD04B11AF71AAB0097D9AE /* ZNRestAPITests.xctest */;
			productType = "com.apple.product-type.bundle.unit-test";
		};
/* End PBXNativeTarget section */

/* Begin PBXProject section */
		ADFD04901AF71AAB0097D9AE /* Project object */ = {
			isa = PBXProject;
			attributes = {
				LastUpgradeCheck = 0630;
				ORGANIZATIONNAME = "Jonathan Head";
				TargetAttributes = {
					ADFD04971AF71AAB0097D9AE = {
						CreatedOnToolsVersion = 6.3;
					};
					ADFD04B01AF71AAB0097D9AE = {
						CreatedOnToolsVersion = 6.3;
						TestTargetID = ADFD04971AF71AAB0097D9AE;
					};
				};
			};
			buildConfigurationList = ADFD04931AF71AAB0097D9AE /* Build configuration list for PBXProject "ZNRestAPI" */;
			compatibilityVersion = "Xcode 3.2";
			developmentRegion = English;
			hasScannedForEncodings = 0;
			knownRegions = (
				en,
				Base,
			);
			mainGroup = ADFD048F1AF71AAB0097D9AE;
			productRefGroup = ADFD04991AF71AAB0097D9AE /* Products */;
			projectDirPath = "";
			projectRoot = "";
			targets = (
				ADFD04971AF71AAB0097D9AE /* ZNRestAPI */,
				ADFD04B01AF71AAB0097D9AE /* ZNRestAPITests */,
			);
		};
/* End PBXProject section */

/* Begin PBXResourcesBuildPhase section */
		ADFD04961AF71AAB0097D9AE /* Resources */ = {
			isa = PBXResourcesBuildPhase;
			buildActionMask = 2147483647;
			files = (
				ADFD04A71AF71AAB0097D9AE /* Main.storyboard in Resources */,
				ADFD04AC1AF71AAB0097D9AE /* LaunchScreen.xib in Resources */,
				ADFD04A91AF71AAB0097D9AE /* Images.xcassets in Resources */,
			);
			runOnlyForDeploymentPostprocessing = 0;
		};
		ADFD04AF1AF71AAB0097D9AE /* Resources */ = {
			isa = PBXResourcesBuildPhase;
			buildActionMask = 2147483647;
			files = (
			);
			runOnlyForDeploymentPostprocessing = 0;
		};
/* End PBXResourcesBuildPhase section */

/* Begin PBXSourcesBuildPhase section */
		ADFD04941AF71AAB0097D9AE /* Sources */ = {
			isa = PBXSourcesBuildPhase;
			buildActionMask = 2147483647;
			files = (
				ADFD04A41AF71AAB0097D9AE /* ViewController.m in Sources */,
				ADFD04F91AF75C000097D9AE /* AFSecurityPolicy.m in Sources */,
				ADFD04A11AF71AAB0097D9AE /* AppDelegate.m in Sources */,
				ADFD04F61AF75C000097D9AE /* AFHTTPRequestOperationManager.m in Sources */,
				ADFD04FA1AF75C000097D9AE /* AFURLConnectionOperation.m in Sources */,
				ADFD04F51AF75C000097D9AE /* AFHTTPRequestOperation.m in Sources */,
				ADFD04FB1AF75C000097D9AE /* AFURLRequestSerialization.m in Sources */,
				ADFD04F71AF75C000097D9AE /* AFHTTPSessionManager.m in Sources */,
				ADFD04F81AF75C000097D9AE /* AFNetworkReachabilityManager.m in Sources */,
				ADFD04FC1AF75C000097D9AE /* AFURLResponseSerialization.m in Sources */,
				ADFD04FD1AF75C000097D9AE /* AFURLSessionManager.m in Sources */,
				ADFD05001AF75C1B0097D9AE /* ZNRestAPI.m in Sources */,
				ADFD049E1AF71AAB0097D9AE /* main.m in Sources */,
			);
			runOnlyForDeploymentPostprocessing = 0;
		};
		ADFD04AD1AF71AAB0097D9AE /* Sources */ = {
			isa = PBXSourcesBuildPhase;
			buildActionMask = 2147483647;
			files = (
				ADFD04B81AF71AAB0097D9AE /* ZNRestAPITests.m in Sources */,
			);
			runOnlyForDeploymentPostprocessing = 0;
		};
/* End PBXSourcesBuildPhase section */

/* Begin PBXTargetDependency section */
		ADFD04B31AF71AAB0097D9AE /* PBXTargetDependency */ = {
			isa = PBXTargetDependency;
			target = ADFD04971AF71AAB0097D9AE /* ZNRestAPI */;
			targetProxy = ADFD04B21AF71AAB0097D9AE /* PBXContainerItemProxy */;
		};
/* End PBXTargetDependency section */

/* Begin PBXVariantGroup section */
		ADFD04A51AF71AAB0097D9AE /* Main.storyboard */ = {
			isa = PBXVariantGroup;
			children = (
				ADFD04A61AF71AAB0097D9AE /* Base */,
			);
			name = Main.storyboard;
			sourceTree = "<group>";
		};
		ADFD04AA1AF71AAB0097D9AE /* LaunchScreen.xib */ = {
			isa = PBXVariantGroup;
			children = (
				ADFD04AB1AF71AAB0097D9AE /* Base */,
			);
			name = LaunchScreen.xib;
			sourceTree = "<group>";
		};
/* End PBXVariantGroup section */

/* Begin XCBuildConfiguration section */
		ADFD04B91AF71AAB0097D9AE /* Debug */ = {
			isa = XCBuildConfiguration;
			buildSettings = {
				ALWAYS_SEARCH_USER_PATHS = NO;
				CLANG_CXX_LANGUAGE_STANDARD = "gnu++0x";
				CLANG_CXX_LIBRARY = "libc++";
				CLANG_ENABLE_MODULES = YES;
				CLANG_ENABLE_OBJC_ARC = YES;
				CLANG_WARN_BOOL_CONVERSION = YES;
				CLANG_WARN_CONSTANT_CONVERSION = YES;
				CLANG_WARN_DIRECT_OBJC_ISA_USAGE = YES_ERROR;
				CLANG_WARN_EMPTY_BODY = YES;
				CLANG_WARN_ENUM_CONVERSION = YES;
				CLANG_WARN_INT_CONVERSION = YES;
				CLANG_WARN_OBJC_ROOT_CLASS = YES_ERROR;
				CLANG_WARN_UNREACHABLE_CODE = YES;
				CLANG_WARN__DUPLICATE_METHOD_MATCH = YES;
				"CODE_SIGN_IDENTITY[sdk=iphoneos*]" = "iPhone Developer";
				COPY_PHASE_STRIP = NO;
				DEBUG_INFORMATION_FORMAT = "dwarf-with-dsym";
				ENABLE_STRICT_OBJC_MSGSEND = YES;
				GCC_C_LANGUAGE_STANDARD = gnu99;
				GCC_DYNAMIC_NO_PIC = NO;
				GCC_NO_COMMON_BLOCKS = YES;
				GCC_OPTIMIZATION_LEVEL = 0;
				GCC_PREPROCESSOR_DEFINITIONS = (
					"DEBUG=1",
					"$(inherited)",
				);
				GCC_SYMBOLS_PRIVATE_EXTERN = NO;
				GCC_WARN_64_TO_32_BIT_CONVERSION = YES;
				GCC_WARN_ABOUT_RETURN_TYPE = YES_ERROR;
				GCC_WARN_UNDECLARED_SELECTOR = YES;
				GCC_WARN_UNINITIALIZED_AUTOS = YES_AGGRESSIVE;
				GCC_WARN_UNUSED_FUNCTION = YES;
				GCC_WARN_UNUSED_VARIABLE = YES;
				IPHONEOS_DEPLOYMENT_TARGET = 8.3;
				MTL_ENABLE_DEBUG_INFO = YES;
				ONLY_ACTIVE_ARCH = YES;
				SDKROOT = iphoneos;
				TARGETED_DEVICE_FAMILY = "1,2";
			};
			name = Debug;
		};
		ADFD04BA1AF71AAB0097D9AE /* Release */ = {
			isa = XCBuildConfiguration;
			buildSettings = {
				ALWAYS_SEARCH_USER_PATHS = NO;
				CLANG_CXX_LANGUAGE_STANDARD = "gnu++0x";
				CLANG_CXX_LIBRARY = "libc++";
				CLANG_ENABLE_MODULES = YES;
				CLANG_ENABLE_OBJC_ARC = YES;
				CLANG_WARN_BOOL_CONVERSION = YES;
				CLANG_WARN_CONSTANT_CONVERSION = YES;
				CLANG_WARN_DIRECT_OBJC_ISA_USAGE = YES_ERROR;
				CLANG_WARN_EMPTY_BODY = YES;
				CLANG_WARN_ENUM_CONVERSION = YES;
				CLANG_WARN_INT_CONVERSION = YES;
				CLANG_WARN_OBJC_ROOT_CLASS = YES_ERROR;
				CLANG_WARN_UNREACHABLE_CODE = YES;
				CLANG_WARN__DUPLICATE_METHOD_MATCH = YES;
				"CODE_SIGN_IDENTITY[sdk=iphoneos*]" = "iPhone Developer";
				COPY_PHASE_STRIP = NO;
				DEBUG_INFORMATION_FORMAT = "dwarf-with-dsym";
				ENABLE_NS_ASSERTIONS = NO;
				ENABLE_STRICT_OBJC_MSGSEND = YES;
				GCC_C_LANGUAGE_STANDARD = gnu99;
				GCC_NO_COMMON_BLOCKS = YES;
				GCC_WARN_64_TO_32_BIT_CONVERSION = YES;
				GCC_WARN_ABOUT_RETURN_TYPE = YES_ERROR;
				GCC_WARN_UNDECLARED_SELECTOR = YES;
				GCC_WARN_UNINITIALIZED_AUTOS = YES_AGGRESSIVE;
				GCC_WARN_UNUSED_FUNCTION = YES;
				GCC_WARN_UNUSED_VARIABLE = YES;
				IPHONEOS_DEPLOYMENT_TARGET = 8.3;
				MTL_ENABLE_DEBUG_INFO = NO;
				SDKROOT = iphoneos;
				TARGETED_DEVICE_FAMILY = "1,2";
				VALIDATE_PRODUCT = YES;
			};
			name = Release;
		};
		ADFD04BC1AF71AAB0097D9AE /* Debug */ = {
			isa = XCBuildConfiguration;
			buildSettings = {
				ASSETCATALOG_COMPILER_APPICON_NAME = AppIcon;
				INFOPLIST_FILE = ZNRestAPI/Info.plist;
				LD_RUNPATH_SEARCH_PATHS = "$(inherited) @executable_path/Frameworks";
				PRODUCT_NAME = "$(TARGET_NAME)";
			};
			name = Debug;
		};
		ADFD04BD1AF71AAB0097D9AE /* Release */ = {
			isa = XCBuildConfiguration;
			buildSettings = {
				ASSETCATALOG_COMPILER_APPICON_NAME = AppIcon;
				INFOPLIST_FILE = ZNRestAPI/Info.plist;
				LD_RUNPATH_SEARCH_PATHS = "$(inherited) @executable_path/Frameworks";
				PRODUCT_NAME = "$(TARGET_NAME)";
			};
			name = Release;
		};
		ADFD04BF1AF71AAB0097D9AE /* Debug */ = {
			isa = XCBuildConfiguration;
			buildSettings = {
				BUNDLE_LOADER = "$(TEST_HOST)";
				FRAMEWORK_SEARCH_PATHS = (
					"$(SDKROOT)/Developer/Library/Frameworks",
					"$(inherited)",
				);
				GCC_PREPROCESSOR_DEFINITIONS = (
					"DEBUG=1",
					"$(inherited)",
				);
				INFOPLIST_FILE = ZNRestAPITests/Info.plist;
				LD_RUNPATH_SEARCH_PATHS = "$(inherited) @executable_path/Frameworks @loader_path/Frameworks";
				PRODUCT_NAME = "$(TARGET_NAME)";
				TEST_HOST = "$(BUILT_PRODUCTS_DIR)/ZNRestAPI.app/ZNRestAPI";
			};
			name = Debug;
		};
		ADFD04C01AF71AAB0097D9AE /* Release */ = {
			isa = XCBuildConfiguration;
			buildSettings = {
				BUNDLE_LOADER = "$(TEST_HOST)";
				FRAMEWORK_SEARCH_PATHS = (
					"$(SDKROOT)/Developer/Library/Frameworks",
					"$(inherited)",
				);
				INFOPLIST_FILE = ZNRestAPITests/Info.plist;
				LD_RUNPATH_SEARCH_PATHS = "$(inherited) @executable_path/Frameworks @loader_path/Frameworks";
				PRODUCT_NAME = "$(TARGET_NAME)";
				TEST_HOST = "$(BUILT_PRODUCTS_DIR)/ZNRestAPI.app/ZNRestAPI";
			};
			name = Release;
		};
/* End XCBuildConfiguration section */

/* Begin XCConfigurationList section */
		ADFD04931AF71AAB0097D9AE /* Build configuration list for PBXProject "ZNRestAPI" */ = {
			isa = XCConfigurationList;
			buildConfigurations = (
				ADFD04B91AF71AAB0097D9AE /* Debug */,
				ADFD04BA1AF71AAB0097D9AE /* Release */,
			);
			defaultConfigurationIsVisible = 0;
			defaultConfigurationName = Release;
		};
		ADFD04BB1AF71AAB0097D9AE /* Build configuration list for PBXNativeTarget "ZNRestAPI" */ = {
			isa = XCConfigurationList;
			buildConfigurations = (
				ADFD04BC1AF71AAB0097D9AE /* Debug */,
				ADFD04BD1AF71AAB0097D9AE /* Release */,
			);
			defaultConfigurationIsVisible = 0;
		};
		ADFD04BE1AF71AAB0097D9AE /* Build configuration list for PBXNativeTarget "ZNRestAPITests" */ = {
			isa = XCConfigurationList;
			buildConfigurations = (
				ADFD04BF1AF71AAB0097D9AE /* Debug */,
				ADFD04C01AF71AAB0097D9AE /* Release */,
			);
			defaultConfigurationIsVisible = 0;
		};
/* End XCConfigurationList section */
	};
	rootObject = ADFD04901AF71AAB0097D9AE /* Project object */;
}
